
Microsoft Visual Studio Solution File, Format Version 11.00
# Visual Studio 2010
Project("{FAE04EC0-301F-11D3-BF4B-00C04F79EFBC}") = "Semester Project", "Assembly-CSharp.csproj", "{D43A2063-1CE6-AA4A-11CF-15896CDEA105}"
EndProject
Project("{FAE04EC0-301F-11D3-BF4B-00C04F79EFBC}") = "Semester Project", "Assembly-CSharp-Editor.csproj", "{DDCA4383-6CA3-9839-34DD-951984780D1C}"
EndProject
Global
	GlobalSection(SolutionConfigurationPlatforms) = preSolution
		Debug|Any CPU = Debug|Any CPU
		Release|Any CPU = Release|Any CPU
	EndGlobalSection
	GlobalSection(ProjectConfigurationPlatforms) = postSolution
		{D43A2063-1CE6-AA4A-11CF-15896CDEA105}.Debug|Any CPU.ActiveCfg = Debug|Any CPU
		{D43A2063-1CE6-AA4A-11CF-15896CDEA105}.Debug|Any CPU.Build.0 = Debug|Any CPU
		{D43A2063-1CE6-AA4A-11CF-15896CDEA105}.Release|Any CPU.ActiveCfg = Release|Any CPU
		{D43A2063-1CE6-AA4A-11CF-15896CDEA105}.Release|Any CPU.Build.0 = Release|Any CPU
		{DDCA4383-6CA3-9839-34DD-951984780D1C}.Debug|Any CPU.ActiveCfg = Debug|Any CPU
		{DDCA4383-6CA3-9839-34DD-951984780D1C}.Debug|Any CPU.Build.0 = Debug|Any CPU
		{DDCA4383-6CA3-9839-34DD-951984780D1C}.Release|Any CPU.ActiveCfg = Release|Any CPU
		{DDCA4383-6CA3-9839-34DD-951984780D1C}.Release|Any CPU.Build.0 = Release|Any CPU
	EndGlobalSection
	GlobalSection(SolutionProperties) = preSolution
		HideSolutionNode = FALSE
	EndGlobalSection
	GlobalSection(MonoDevelopProperties) = preSolution
		StartupItem = Assembly-CSharp.csproj
	EndGlobalSection
EndGlobal
